// !$*UTF8*$!
{
	archiveVersion = 1;
	classes = {
	};
	objectVersion = 50;
	objects = {

/* Begin PBXBuildFile section */
		C38E0682264BCD5B0075F98E /* BezierCurveViewerApp.swift in Sources */ = {isa = PBXBuildFile; fileRef = C38E0681264BCD5B0075F98E /* BezierCurveViewerApp.swift */; };
		C38E0684264BCD5B0075F98E /* ContentView.swift in Sources */ = {isa = PBXBuildFile; fileRef = C38E0683264BCD5B0075F98E /* ContentView.swift */; };
		C38E0686264BCD5D0075F98E /* Assets.xcassets in Resources */ = {isa = PBXBuildFile; fileRef = C38E0685264BCD5D0075F98E /* Assets.xcassets */; };
		C38E0689264BCD5D0075F98E /* Preview Assets.xcassets in Resources */ = {isa = PBXBuildFile; fileRef = C38E0688264BCD5D0075F98E /* Preview Assets.xcassets */; };
		C38E0694264BCE8C0075F98E /* Point.swift in Sources */ = {isa = PBXBuildFile; fileRef = C38E0693264BCE8C0075F98E /* Point.swift */; };
		C38E0696264BD30C0075F98E /* PointView.swift in Sources */ = {isa = PBXBuildFile; fileRef = C38E0695264BD30C0075F98E /* PointView.swift */; };
/* End PBXBuildFile section */

/* Begin PBXFileReference section */
		C38E067E264BCD5B0075F98E /* BezierCurveViewer.app */ = {isa = PBXFileReference; explicitFileType = wrapper.application; includeInIndex = 0; path = BezierCurveViewer.app; sourceTree = BUILT_PRODUCTS_DIR; };
		C38E0681264BCD5B0075F98E /* BezierCurveViewerApp.swift */ = {isa = PBXFileReference; lastKnownFileType = sourcecode.swift; path = BezierCurveViewerApp.swift; sourceTree = "<group>"; };
		C38E0683264BCD5B0075F98E /* ContentView.swift */ = {isa = PBXFileReference; lastKnownFileType = sourcecode.swift; path = ContentView.swift; sourceTree = "<group>"; };
		C38E0685264BCD5D0075F98E /* Assets.xcassets */ = {isa = PBXFileReference; lastKnownFileType = folder.assetcatalog; path = Assets.xcassets; sourceTree = "<group>"; };
		C38E0688264BCD5D0075F98E /* Preview Assets.xcassets */ = {isa = PBXFileReference; lastKnownFileType = folder.assetcatalog; path = "Preview Assets.xcassets"; sourceTree = "<group>"; };
		C38E068A264BCD5D0075F98E /* Info.plist */ = {isa = PBXFileReference; lastKnownFileType = text.plist.xml; path = Info.plist; sourceTree = "<group>"; };
		C38E068B264BCD5D0075F98E /* BezierCurveViewer.entitlements */ = {isa = PBXFileReference; lastKnownFileType = text.plist.entitlements; path = BezierCurveViewer.entitlements; sourceTree = "<group>"; };
		C38E0693264BCE8C0075F98E /* Point.swift */ = {isa = PBXFileReference; lastKnownFileType = sourcecode.swift; path = Point.swift; sourceTree = "<group>"; };
		C38E0695264BD30C0075F98E /* PointView.swift */ = {isa = PBXFileReference; lastKnownFileType = sourcecode.swift; path = PointView.swift; sourceTree = "<group>"; };
/* End PBXFileReference section */

/* Begin PBXFrameworksBuildPhase section */
		C38E067B264BCD5B0075F98E /* Frameworks */ = {
			isa = PBXFrameworksBuildPhase;
			buildActionMask = 2147483647;
			files = (
			);
			runOnlyForDeploymentPostprocessing = 0;
		};
/* End PBXFrameworksBuildPhase section */

/* Begin PBXGroup section */
		C38E0675264BCD5B0075F98E = {
			isa = PBXGroup;
			children = (
				C38E0680264BCD5B0075F98E /* BezierCurveViewer */,
				C38E067F264BCD5B0075F98E /* Products */,
			);
			sourceTree = "<group>";
		};
		C38E067F264BCD5B0075F98E /* Products */ = {
			isa = PBXGroup;
			children = (
				C38E067E264BCD5B0075F98E /* BezierCurveViewer.app */,
			);
			name = Products;
			sourceTree = "<group>";
		};
		C38E0680264BCD5B0075F98E /* BezierCurveViewer */ = {
			isa = PBXGroup;
			children = (
				C38E0681264BCD5B0075F98E /* BezierCurveViewerApp.swift */,
				C38E0683264BCD5B0075F98E /* ContentView.swift */,
				C38E0695264BD30C0075F98E /* PointView.swift */,
				C38E0693264BCE8C0075F98E /* Point.swift */,
				C38E0685264BCD5D0075F98E /* Assets.xcassets */,
				C38E068A264BCD5D0075F98E /* Info.plist */,
				C38E068B264BCD5D0075F98E /* BezierCurveViewer.entitlements */,
				C38E0687264BCD5D0075F98E /* Preview Content */,
			);
			path = BezierCurveViewer;
			sourceTree = "<group>";
		};
		C38E0687264BCD5D0075F98E /* Preview Content */ = {
			isa = PBXGroup;
			children = (
				C38E0688264BCD5D0075F98E /* Preview Assets.xcassets */,
			);
			path = "Preview Content";
			sourceTree = "<group>";
		};
/* End PBXGroup section */

/* Begin PBXNativeTarget section */
		C38E067D264BCD5B0075F98E /* BezierCurveViewer */ = {
			isa = PBXNativeTarget;
			buildConfigurationList = C38E068E264BCD5D0075F98E /* Build configuration list for PBXNativeTarget "BezierCurveViewer" */;
			buildPhases = (
				C38E067A264BCD5B0075F98E /* Sources */,
				C38E067B264BCD5B0075F98E /* Frameworks */,
				C38E067C264BCD5B0075F98E /* Resources */,
			);
			buildRules = (
			);
			dependencies = (
			);
			name = BezierCurveViewer;
			productName = BezierCurveViewer;
			productReference = C38E067E264BCD5B0075F98E /* BezierCurveViewer.app */;
			productType = "com.apple.product-type.application";
		};
/* End PBXNativeTarget section */

/* Begin PBXProject section */
		C38E0676264BCD5B0075F98E /* Project object */ = {
			isa = PBXProject;
			attributes = {
				LastSwiftUpdateCheck = 1250;
				LastUpgradeCheck = 1250;
				TargetAttributes = {
					C38E067D264BCD5B0075F98E = {
						CreatedOnToolsVersion = 12.5;
					};
				};
			};
			buildConfigurationList = C38E0679264BCD5B0075F98E /* Build configuration list for PBXProject "BezierCurveViewer" */;
			compatibilityVersion = "Xcode 9.3";
			developmentRegion = en;
			hasScannedForEncodings = 0;
			knownRegions = (
				en,
				Base,
			);
			mainGroup = C38E0675264BCD5B0075F98E;
			productRefGroup = C38E067F264BCD5B0075F98E /* Products */;
			projectDirPath = "";
			projectRoot = "";
			targets = (
				C38E067D264BCD5B0075F98E /* BezierCurveViewer */,
			);
		};
/* End PBXProject section */

/* Begin PBXResourcesBuildPhase section */
		C38E067C264BCD5B0075F98E /* Resources */ = {
			isa = PBXResourcesBuildPhase;
			buildActionMask = 2147483647;
			files = (
				C38E0689264BCD5D0075F98E /* Preview Assets.xcassets in Resources */,
				C38E0686264BCD5D0075F98E /* Assets.xcassets in Resources */,
			);
			runOnlyForDeploymentPostprocessing = 0;
		};
/* End PBXResourcesBuildPhase section */

/* Begin PBXSourcesBuildPhase section */
		C38E067A264BCD5B0075F98E /* Sources */ = {
			isa = PBXSourcesBuildPhase;
			buildActionMask = 2147483647;
			files = (
				C38E0694264BCE8C0075F98E /* Point.swift in Sources */,
				C38E0684264BCD5B0075F98E /* ContentView.swift in Sources */,
				C38E0682264BCD5B0075F98E /* BezierCurveViewerApp.swift in Sources */,
				C38E0696264BD30C0075F98E /* PointView.swift in Sources */,
			);
			runOnlyForDeploymentPostprocessing = 0;
		};
/* End PBXSourcesBuildPhase section */

/* Begin XCBuildConfiguration section */
		C38E068C264BCD5D0075F98E /* Debug */ = {
			isa = XCBuildConfiguration;
			buildSettings = {
				ALWAYS_SEARCH_USER_PATHS = NO;
				CLANG_ANALYZER_NONNULL = YES;
				CLANG_ANALYZER_NUMBER_OBJECT_CONVERSION = YES_AGGRESSIVE;
				CLANG_CXX_LANGUAGE_STANDARD = "gnu++14";
				CLANG_CXX_LIBRARY = "libc++";
				CLANG_ENABLE_MODULES = YES;
				CLANG_ENABLE_OBJC_ARC = YES;
				CLANG_ENABLE_OBJC_WEAK = YES;
				CLANG_WARN_BLOCK_CAPTURE_AUTORELEASING = YES;
				CLANG_WARN_BOOL_CONVERSION = YES;
				CLANG_WARN_COMMA = YES;
				CLANG_WARN_CONSTANT_CONVERSION = YES;
				CLANG_WARN_DEPRECATED_OBJC_IMPLEMENTATIONS = YES;
				CLANG_WARN_DIRECT_OBJC_ISA_USAGE = YES_ERROR;
				CLANG_WARN_DOCUMENTATION_COMMENTS = YES;
				CLANG_WARN_EMPTY_BODY = YES;
				CLANG_WARN_ENUM_CONVERSION = YES;
				CLANG_WARN_INFINITE_RECURSION = YES;
				CLANG_WARN_INT_CONVERSION = YES;
				CLANG_WARN_NON_LITERAL_NULL_CONVERSION = YES;
				CLANG_WARN_OBJC_IMPLICIT_RETAIN_SELF = YES;
				CLANG_WARN_OBJC_LITERAL_CONVERSION = YES;
				CLANG_WARN_OBJC_ROOT_CLASS = YES_ERROR;
				CLANG_WARN_QUOTED_INCLUDE_IN_FRAMEWORK_HEADER = YES;
				CLANG_WARN_RANGE_LOOP_ANALYSIS = YES;
				CLANG_WARN_STRICT_PROTOTYPES = YES;
				CLANG_WARN_SUSPICIOUS_MOVE = YES;
				CLANG_WARN_UNGUARDED_AVAILABILITY = YES_AGGRESSIVE;
				CLANG_WARN_UNREACHABLE_CODE = YES;
				CLANG_WARN__DUPLICATE_METHOD_MATCH = YES;
				COPY_PHASE_STRIP = NO;
				DEBUG_INFORMATION_FORMAT = dwarf;
				ENABLE_STRICT_OBJC_MSGSEND = YES;
				ENABLE_TESTABILITY = YES;
				GCC_C_LANGUAGE_STANDARD = gnu11;
				GCC_DYNAMIC_NO_PIC = NO;
				GCC_NO_COMMON_BLOCKS = YES;
				GCC_OPTIMIZATION_LEVEL = 0;
				GCC_PREPROCESSOR_DEFINITIONS = (
					"DEBUG=1",
					"$(inherited)",
				);
				GCC_WARN_64_TO_32_BIT_CONVERSION = YES;
				GCC_WARN_ABOUT_RETURN_TYPE = YES_ERROR;
				GCC_WARN_UNDECLARED_SELECTOR = YES;
				GCC_WARN_UNINITIALIZED_AUTOS = YES_AGGRESSIVE;
				GCC_WARN_UNUSED_FUNCTION = YES;
				GCC_WARN_UNUSED_VARIABLE = YES;
				MACOSX_DEPLOYMENT_TARGET = 11.2;
				MTL_ENABLE_DEBUG_INFO = INCLUDE_SOURCE;
				MTL_FAST_MATH = YES;
				ONLY_ACTIVE_ARCH = YES;
				SDKROOT = macosx;
				SWIFT_ACTIVE_COMPILATION_CONDITIONS = DEBUG;
				SWIFT_OPTIMIZATION_LEVEL = "-Onone";
			};
			name = Debug;
		};
		C38E068D264BCD5D0075F98E /* Release */ = {
			isa = XCBuildConfiguration;
			buildSettings = {
				ALWAYS_SEARCH_USER_PATHS = NO;
				CLANG_ANALYZER_NONNULL = YES;
				CLANG_ANALYZER_NUMBER_OBJECT_CONVERSION = YES_AGGRESSIVE;
				CLANG_CXX_LANGUAGE_STANDARD = "gnu++14";
				CLANG_CXX_LIBRARY = "libc++";
				CLANG_ENABLE_MODULES = YES;
				CLANG_ENABLE_OBJC_ARC = YES;
				CLANG_ENABLE_OBJC_WEAK = YES;
				CLANG_WARN_BLOCK_CAPTURE_AUTORELEASING = YES;
				CLANG_WARN_BOOL_CONVERSION = YES;
				CLANG_WARN_COMMA = YES;
				CLANG_WARN_CONSTANT_CONVERSION = YES;
				CLANG_WARN_DEPRECATED_OBJC_IMPLEMENTATIONS = YES;
				CLANG_WARN_DIRECT_OBJC_ISA_USAGE = YES_ERROR;
				CLANG_WARN_DOCUMENTATION_COMMENTS = YES;
				CLANG_WARN_EMPTY_BODY = YES;
				CLANG_WARN_ENUM_CONVERSION = YES;
				CLANG_WARN_INFINITE_RECURSION = YES;
				CLANG_WARN_INT_CONVERSION = YES;
				CLANG_WARN_NON_LITERAL_NULL_CONVERSION = YES;
				CLANG_WARN_OBJC_IMPLICIT_RETAIN_SELF = YES;
				CLANG_WARN_OBJC_LITERAL_CONVERSION = YES;
				CLANG_WARN_OBJC_ROOT_CLASS = YES_ERROR;
				CLANG_WARN_QUOTED_INCLUDE_IN_FRAMEWORK_HEADER = YES;
				CLANG_WARN_RANGE_LOOP_ANALYSIS = YES;
				CLANG_WARN_STRICT_PROTOTYPES = YES;
				CLANG_WARN_SUSPICIOUS_MOVE = YES;
				CLANG_WARN_UNGUARDED_AVAILABILITY = YES_AGGRESSIVE;
				CLANG_WARN_UNREACHABLE_CODE = YES;
				CLANG_WARN__DUPLICATE_METHOD_MATCH = YES;
				COPY_PHASE_STRIP = NO;
				DEBUG_INFORMATION_FORMAT = "dwarf-with-dsym";
				ENABLE_NS_ASSERTIONS = NO;
				ENABLE_STRICT_OBJC_MSGSEND = YES;
				GCC_C_LANGUAGE_STANDARD = gnu11;
				GCC_NO_COMMON_BLOCKS = YES;
				GCC_WARN_64_TO_32_BIT_CONVERSION = YES;
				GCC_WARN_ABOUT_RETURN_TYPE = YES_ERROR;
				GCC_WARN_UNDECLARED_SELECTOR = YES;
				GCC_WARN_UNINITIALIZED_AUTOS = YES_AGGRESSIVE;
				GCC_WARN_UNUSED_FUNCTION = YES;
				GCC_WARN_UNUSED_VARIABLE = YES;
				MACOSX_DEPLOYMENT_TARGET = 11.2;
				MTL_ENABLE_DEBUG_INFO = NO;
				MTL_FAST_MATH = YES;
				SDKROOT = macosx;
				SWIFT_COMPILATION_MODE = wholemodule;
				SWIFT_OPTIMIZATION_LEVEL = "-O";
			};
			name = Release;
		};
		C38E068F264BCD5D0075F98E /* Debug */ = {
			isa = XCBuildConfiguration;
			buildSettings = {
				ASSETCATALOG_COMPILER_APPICON_NAME = AppIcon;
				ASSETCATALOG_COMPILER_GLOBAL_ACCENT_COLOR_NAME = AccentColor;
				CODE_SIGN_ENTITLEMENTS = BezierCurveViewer/BezierCurveViewer.entitlements;
				CODE_SIGN_STYLE = Automatic;
				COMBINE_HIDPI_IMAGES = YES;
				DEVELOPMENT_ASSET_PATHS = "\"BezierCurveViewer/Preview Content\"";
				DEVELOPMENT_TEAM = H28MQNK878;
				ENABLE_HARDENED_RUNTIME = YES;
				ENABLE_PREVIEWS = YES;
				INFOPLIST_FILE = BezierCurveViewer/Info.plist;
				LD_RUNPATH_SEARCH_PATHS = (
					"$(inherited)",
					"@executable_path/../Frameworks",
				);
				MACOSX_DEPLOYMENT_TARGET = 11.0;
				PRODUCT_BUNDLE_IDENTIFIER = com.harley.BezierCurveViewer;
				PRODUCT_NAME = "$(TARGET_NAME)";
				SWIFT_VERSION = 5.0;
			};
			name = Debug;
		};
		C38E0690264BCD5D0075F98E /* Release */ = {
			isa = XCBuildConfiguration;
			buildSettings = {
				ASSETCATALOG_COMPILER_APPICON_NAME = AppIcon;
				ASSETCATALOG_COMPILER_GLOBAL_ACCENT_COLOR_NAME = AccentColor;
				CODE_SIGN_ENTITLEMENTS = BezierCurveViewer/BezierCurveViewer.entitlements;
				CODE_SIGN_STYLE = Automatic;
				COMBINE_HIDPI_IMAGES = YES;
				DEVELOPMENT_ASSET_PATHS = "\"BezierCurveViewer/Preview Content\"";
				DEVELOPMENT_TEAM = H28MQNK878;
				ENABLE_HARDENED_RUNTIME = YES;
				ENABLE_PREVIEWS = YES;
				INFOPLIST_FILE = BezierCurveViewer/Info.plist;
				LD_RUNPATH_SEARCH_PATHS = (
					"$(inherited)",
					"@executable_path/../Frameworks",
				);
				MACOSX_DEPLOYMENT_TARGET = 11.0;
				PRODUCT_BUNDLE_IDENTIFIER = com.harley.BezierCurveViewer;
				PRODUCT_NAME = "$(TARGET_NAME)";
				SWIFT_VERSION = 5.0;
			};
			name = Release;
		};
/* End XCBuildConfiguration section */

/* Begin XCConfigurationList section */
		C38E0679264BCD5B0075F98E /* Build configuration list for PBXProject "BezierCurveViewer" */ = {
			isa = XCConfigurationList;
			buildConfigurations = (
				C38E068C264BCD5D0075F98E /* Debug */,
				C38E068D264BCD5D0075F98E /* Release */,
			);
			defaultConfigurationIsVisible = 0;
			defaultConfigurationName = Release;
		};
		C38E068E264BCD5D0075F98E /* Build configuration list for PBXNativeTarget "BezierCurveViewer" */ = {
			isa = XCConfigurationList;
			buildConfigurations = (
				C38E068F264BCD5D0075F98E /* Debug */,
				C38E0690264BCD5D0075F98E /* Release */,
			);
			defaultConfigurationIsVisible = 0;
			defaultConfigurationName = Release;
		};
/* End XCConfigurationList section */
	};
	rootObject = C38E0676264BCD5B0075F98E /* Project object */;
}
